
Microsoft Visual Studio Solution File, Format Version 12.00
# Visual Studio 15
VisualStudioVersion = 15.0.28010.2041
MinimumVisualStudioVersion = 10.0.40219.1
Project("{FAE04EC0-301F-11D3-BF4B-00C04F79EFBC}") = "WMProducts", "WMProducts\WMProducts.csproj", "{B9867743-FBCB-490B-BF57-94054F9E3897}"
EndProject
Global
	GlobalSection(SolutionConfigurationPlatforms) = preSolution
		Debug|Any CPU = Debug|Any CPU
		Release|Any CPU = Release|Any CPU
	EndGlobalSection
	GlobalSection(ProjectConfigurationPlatforms) = postSolution
		{B9867743-FBCB-490B-BF57-94054F9E3897}.Debug|Any CPU.ActiveCfg = Debug|Any CPU
		{B9867743-FBCB-490B-BF57-94054F9E3897}.Debug|Any CPU.Build.0 = Debug|Any CPU
		{B9867743-FBCB-490B-BF57-94054F9E3897}.Release|Any CPU.ActiveCfg = Release|Any CPU
		{B9867743-FBCB-490B-BF57-94054F9E3897}.Release|Any CPU.Build.0 = Release|Any CPU
	EndGlobalSection
	GlobalSection(SolutionProperties) = preSolution
		HideSolutionNode = FALSE
	EndGlobalSection
	GlobalSection(ExtensibilityGlobals) = postSolution
		SolutionGuid = {A254DDC8-963B-483B-BA23-6B59AA5732BD}
	EndGlobalSection
EndGlobal
